// !$*UTF8*$!
{
	archiveVersion = 1;
	classes = {
	};
	objectVersion = 46;
	objects = {

/* Begin PBXBuildFile section */
		5614918A1B5D546900816666 /* CoreLocation.framework in Frameworks */ = {isa = PBXBuildFile; fileRef = 561491891B5D546900816666 /* CoreLocation.framework */; };
		5614918E1B5D597200816666 /* JXBAdPageView.m in Sources */ = {isa = PBXBuildFile; fileRef = 5614918D1B5D597200816666 /* JXBAdPageView.m */; };
		566532A51B67ED760079D659 /* PNBar.m in Sources */ = {isa = PBXBuildFile; fileRef = 5665329A1B67ED760079D659 /* PNBar.m */; };
		566532A61B67ED760079D659 /* PNBarChart.m in Sources */ = {isa = PBXBuildFile; fileRef = 5665329C1B67ED760079D659 /* PNBarChart.m */; };
		566532A71B67ED760079D659 /* PNChart.m in Sources */ = {isa = PBXBuildFile; fileRef = 5665329E1B67ED760079D659 /* PNChart.m */; };
		566532A81B67ED760079D659 /* PNChartLabel.m in Sources */ = {isa = PBXBuildFile; fileRef = 566532A01B67ED760079D659 /* PNChartLabel.m */; };
		566532A91B67ED760079D659 /* PNColor.m in Sources */ = {isa = PBXBuildFile; fileRef = 566532A21B67ED760079D659 /* PNColor.m */; };
		566532AA1B67ED760079D659 /* PNLineChart.m in Sources */ = {isa = PBXBuildFile; fileRef = 566532A41B67ED760079D659 /* PNLineChart.m */; };
		566532AD1B67FF580079D659 /* IndexView.m in Sources */ = {isa = PBXBuildFile; fileRef = 566532AC1B67FF580079D659 /* IndexView.m */; };
		56834D8E1B50009E00F66287 /* ProvincesAndCities.plist in Resources */ = {isa = PBXBuildFile; fileRef = 56834D811B50009E00F66287 /* ProvincesAndCities.plist */; };
		56834D8F1B50009E00F66287 /* TSLocateView.m in Sources */ = {isa = PBXBuildFile; fileRef = 56834D831B50009E00F66287 /* TSLocateView.m */; };
		56834D901B50009E00F66287 /* TSLocateView.xib in Resources */ = {isa = PBXBuildFile; fileRef = 56834D841B50009E00F66287 /* TSLocateView.xib */; };
		56834D911B50009E00F66287 /* TSLocation.m in Sources */ = {isa = PBXBuildFile; fileRef = 56834D861B50009E00F66287 /* TSLocation.m */; };
		56DC3B231B5119AF001D321C /* UIImage+wiRoundedRectImage.m in Sources */ = {isa = PBXBuildFile; fileRef = 56DC3B221B5119AF001D321C /* UIImage+wiRoundedRectImage.m */; };
		56DC3B261B511A85001D321C /* UIImageUtil.m in Sources */ = {isa = PBXBuildFile; fileRef = 56DC3B251B511A85001D321C /* UIImageUtil.m */; };
		A0132160C4D5F5E0BB545374 /* libPods.a in Frameworks */ = {isa = PBXBuildFile; fileRef = B4FC04F58B25D1F081F99EAD /* libPods.a */; };
		FD1D49661B10E65400CC9863 /* main.m in Sources */ = {isa = PBXBuildFile; fileRef = FD1D49651B10E65400CC9863 /* main.m */; };
		FD1D49691B10E65400CC9863 /* AppDelegate.m in Sources */ = {isa = PBXBuildFile; fileRef = FD1D49681B10E65400CC9863 /* AppDelegate.m */; };
		FD1D496F1B10E65400CC9863 /* Main.storyboard in Resources */ = {isa = PBXBuildFile; fileRef = FD1D496D1B10E65400CC9863 /* Main.storyboard */; };
		FD1D49711B10E65400CC9863 /* Images.xcassets in Resources */ = {isa = PBXBuildFile; fileRef = FD1D49701B10E65400CC9863 /* Images.xcassets */; };
		FD1D49741B10E65400CC9863 /* LaunchScreen.xib in Resources */ = {isa = PBXBuildFile; fileRef = FD1D49721B10E65400CC9863 /* LaunchScreen.xib */; };
		FD1D49801B10E65400CC9863 /* WeatherCastTests.m in Sources */ = {isa = PBXBuildFile; fileRef = FD1D497F1B10E65400CC9863 /* WeatherCastTests.m */; };
		FD1D498E1B10F27C00CC9863 /* CityListTableViewController.m in Sources */ = {isa = PBXBuildFile; fileRef = FD1D498D1B10F27C00CC9863 /* CityListTableViewController.m */; };
		FD1D49941B11C06F00CC9863 /* WeatherDetailViewController.m in Sources */ = {isa = PBXBuildFile; fileRef = FD1D49931B11C06F00CC9863 /* WeatherDetailViewController.m */; };
		FD1D49971B11C20600CC9863 /* WeatherModel.m in Sources */ = {isa = PBXBuildFile; fileRef = FD1D49961B11C20600CC9863 /* WeatherModel.m */; };
		FD747DE91B6771E1000F1469 /* UIFunction.m in Sources */ = {isa = PBXBuildFile; fileRef = FD747DE81B6771E1000F1469 /* UIFunction.m */; };
		FD8CF2361B734FFB0089E209 /* weathy_01@2x.png in Resources */ = {isa = PBXBuildFile; fileRef = FD8CF21D1B734FFB0089E209 /* weathy_01@2x.png */; };
		FD8CF2371B734FFB0089E209 /* weathy_02@2x.png in Resources */ = {isa = PBXBuildFile; fileRef = FD8CF21E1B734FFB0089E209 /* weathy_02@2x.png */; };
		FD8CF2381B734FFB0089E209 /* weathy_03@2x.png in Resources */ = {isa = PBXBuildFile; fileRef = FD8CF21F1B734FFB0089E209 /* weathy_03@2x.png */; };
		FD8CF2391B734FFB0089E209 /* weathy_04@2x.png in Resources */ = {isa = PBXBuildFile; fileRef = FD8CF2201B734FFB0089E209 /* weathy_04@2x.png */; };
		FD8CF23A1B734FFB0089E209 /* weathy_05@2x.png in Resources */ = {isa = PBXBuildFile; fileRef = FD8CF2211B734FFB0089E209 /* weathy_05@2x.png */; };
		FD8CF23B1B734FFB0089E209 /* weathy_06@2x.png in Resources */ = {isa = PBXBuildFile; fileRef = FD8CF2221B734FFB0089E209 /* weathy_06@2x.png */; };
		FD8CF23C1B734FFB0089E209 /* weathy_07@2x.png in Resources */ = {isa = PBXBuildFile; fileRef = FD8CF2231B734FFB0089E209 /* weathy_07@2x.png */; };
		FD8CF23D1B734FFB0089E209 /* weathy_08@2x.png in Resources */ = {isa = PBXBuildFile; fileRef = FD8CF2241B734FFB0089E209 /* weathy_08@2x.png */; };
		FD8CF23E1B734FFB0089E209 /* weathy_09@2x.png in Resources */ = {isa = PBXBuildFile; fileRef = FD8CF2251B734FFB0089E209 /* weathy_09@2x.png */; };
		FD8CF23F1B734FFB0089E209 /* weathy_10@2x.png in Resources */ = {isa = PBXBuildFile; fileRef = FD8CF2261B734FFB0089E209 /* weathy_10@2x.png */; };
		FD8CF2401B734FFB0089E209 /* weathy_11@2x.png in Resources */ = {isa = PBXBuildFile; fileRef = FD8CF2271B734FFB0089E209 /* weathy_11@2x.png */; };
		FD8CF2411B734FFB0089E209 /* weathy_12@2x.png in Resources */ = {isa = PBXBuildFile; fileRef = FD8CF2281B734FFB0089E209 /* weathy_12@2x.png */; };
		FD8CF2421B734FFB0089E209 /* weathy_13@2x.png in Resources */ = {isa = PBXBuildFile; fileRef = FD8CF2291B734FFB0089E209 /* weathy_13@2x.png */; };
		FD8CF2431B734FFB0089E209 /* weathy_14@2x.png in Resources */ = {isa = PBXBuildFile; fileRef = FD8CF22A1B734FFB0089E209 /* weathy_14@2x.png */; };
		FD8CF2441B734FFB0089E209 /* weathy_15@2x.png in Resources */ = {isa = PBXBuildFile; fileRef = FD8CF22B1B734FFB0089E209 /* weathy_15@2x.png */; };
		FD8CF2451B734FFB0089E209 /* weathy_16@2x.png in Resources */ = {isa = PBXBuildFile; fileRef = FD8CF22C1B734FFB0089E209 /* weathy_16@2x.png */; };
		FD8CF2461B734FFB0089E209 /* weathy_17@2x.png in Resources */ = {isa = PBXBuildFile; fileRef = FD8CF22D1B734FFB0089E209 /* weathy_17@2x.png */; };
		FD8CF2471B734FFB0089E209 /* weathy_18@2x.png in Resources */ = {isa = PBXBuildFile; fileRef = FD8CF22E1B734FFB0089E209 /* weathy_18@2x.png */; };
		FD8CF2481B734FFB0089E209 /* weathy_19@2x.png in Resources */ = {isa = PBXBuildFile; fileRef = FD8CF22F1B734FFB0089E209 /* weathy_19@2x.png */; };
		FD8CF2491B734FFB0089E209 /* weathy_20@2x.png in Resources */ = {isa = PBXBuildFile; fileRef = FD8CF2301B734FFB0089E209 /* weathy_20@2x.png */; };
		FD8CF24A1B734FFB0089E209 /* weathy_21@2x.png in Resources */ = {isa = PBXBuildFile; fileRef = FD8CF2311B734FFB0089E209 /* weathy_21@2x.png */; };
		FD8CF24B1B734FFB0089E209 /* weathy_22@2x.png in Resources */ = {isa = PBXBuildFile; fileRef = FD8CF2321B734FFB0089E209 /* weathy_22@2x.png */; };
		FD8CF24C1B734FFB0089E209 /* weathy_23@2x.png in Resources */ = {isa = PBXBuildFile; fileRef = FD8CF2331B734FFB0089E209 /* weathy_23@2x.png */; };
		FD8CF24D1B734FFB0089E209 /* weathy_24@2x.png in Resources */ = {isa = PBXBuildFile; fileRef = FD8CF2341B734FFB0089E209 /* weathy_24@2x.png */; };
		FD8CF24E1B734FFB0089E209 /* weathy_25@2x.png in Resources */ = {isa = PBXBuildFile; fileRef = FD8CF2351B734FFB0089E209 /* weathy_25@2x.png */; };
		FD8CF2761B7351F60089E209 /* cloudy1@2x.png in Resources */ = {isa = PBXBuildFile; fileRef = FD8CF2501B7351F60089E209 /* cloudy1@2x.png */; };
		FD8CF2771B7351F60089E209 /* cloudy1_night@2x.png in Resources */ = {isa = PBXBuildFile; fileRef = FD8CF2511B7351F60089E209 /* cloudy1_night@2x.png */; };
		FD8CF2781B7351F60089E209 /* cloudy2@2x.png in Resources */ = {isa = PBXBuildFile; fileRef = FD8CF2521B7351F60089E209 /* cloudy2@2x.png */; };
		FD8CF2791B7351F60089E209 /* cloudy2_night@2x.png in Resources */ = {isa = PBXBuildFile; fileRef = FD8CF2531B7351F60089E209 /* cloudy2_night@2x.png */; };
		FD8CF27A1B7351F60089E209 /* cloudy3@2x.png in Resources */ = {isa = PBXBuildFile; fileRef = FD8CF2541B7351F60089E209 /* cloudy3@2x.png */; };
		FD8CF27B1B7351F60089E209 /* cloudy3_night@2x.png in Resources */ = {isa = PBXBuildFile; fileRef = FD8CF2551B7351F60089E209 /* cloudy3_night@2x.png */; };
		FD8CF27C1B7351F60089E209 /* cloudy4@2x.png in Resources */ = {isa = PBXBuildFile; fileRef = FD8CF2561B7351F60089E209 /* cloudy4@2x.png */; };
		FD8CF27D1B7351F60089E209 /* cloudy4_night@2x.png in Resources */ = {isa = PBXBuildFile; fileRef = FD8CF2571B7351F60089E209 /* cloudy4_night@2x.png */; };
		FD8CF27E1B7351F60089E209 /* cloudy5@2x.png in Resources */ = {isa = PBXBuildFile; fileRef = FD8CF2581B7351F60089E209 /* cloudy5@2x.png */; };
		FD8CF27F1B7351F60089E209 /* fog@2x.png in Resources */ = {isa = PBXBuildFile; fileRef = FD8CF2591B7351F60089E209 /* fog@2x.png */; };
		FD8CF2801B7351F60089E209 /* fog_night@2x.png in Resources */ = {isa = PBXBuildFile; fileRef = FD8CF25A1B7351F60089E209 /* fog_night@2x.png */; };
		FD8CF2811B7351F60089E209 /* hail@2x.png in Resources */ = {isa = PBXBuildFile; fileRef = FD8CF25B1B7351F60089E209 /* hail@2x.png */; };
		FD8CF2821B7351F60089E209 /* light_rain@2x.png in Resources */ = {isa = PBXBuildFile; fileRef = FD8CF25C1B7351F60089E209 /* light_rain@2x.png */; };
		FD8CF2831B7351F60089E209 /* mist@2x.png in Resources */ = {isa = PBXBuildFile; fileRef = FD8CF25D1B7351F60089E209 /* mist@2x.png */; };
		FD8CF2841B7351F60089E209 /* mist_night@2x.png in Resources */ = {isa = PBXBuildFile; fileRef = FD8CF25E1B7351F60089E209 /* mist_night@2x.png */; };
		FD8CF2851B7351F60089E209 /* overcast@2x.png in Resources */ = {isa = PBXBuildFile; fileRef = FD8CF25F1B7351F60089E209 /* overcast@2x.png */; };
		FD8CF2861B7351F60089E209 /* readme.html in Resources */ = {isa = PBXBuildFile; fileRef = FD8CF2601B7351F60089E209 /* readme.html */; };
		FD8CF2871B7351F60089E209 /* shower1@2x.png in Resources */ = {isa = PBXBuildFile; fileRef = FD8CF2611B7351F60089E209 /* shower1@2x.png */; };
		FD8CF2881B7351F60089E209 /* shower1_night@2x.png in Resources */ = {isa = PBXBuildFile; fileRef = FD8CF2621B7351F60089E209 /* shower1_night@2x.png */; };
		FD8CF2891B7351F60089E209 /* shower2@2x.png in Resources */ = {isa = PBXBuildFile; fileRef = FD8CF2631B7351F60089E209 /* shower2@2x.png */; };
		FD8CF28A1B7351F60089E209 /* shower2_night@2x.png in Resources */ = {isa = PBXBuildFile; fileRef = FD8CF2641B7351F60089E209 /* shower2_night@2x.png */; };
		FD8CF28B1B7351F60089E209 /* shower3@2x.png in Resources */ = {isa = PBXBuildFile; fileRef = FD8CF2651B7351F60089E209 /* shower3@2x.png */; };
		FD8CF28C1B7351F60089E209 /* sleet@2x.png in Resources */ = {isa = PBXBuildFile; fileRef = FD8CF2661B7351F60089E209 /* sleet@2x.png */; };
		FD8CF28D1B7351F60089E209 /* snow1@2x.png in Resources */ = {isa = PBXBuildFile; fileRef = FD8CF2671B7351F60089E209 /* snow1@2x.png */; };
		FD8CF28E1B7351F60089E209 /* snow1_night@2x.png in Resources */ = {isa = PBXBuildFile; fileRef = FD8CF2681B7351F60089E209 /* snow1_night@2x.png */; };
		FD8CF28F1B7351F60089E209 /* snow2@2x.png in Resources */ = {isa = PBXBuildFile; fileRef = FD8CF2691B7351F60089E209 /* snow2@2x.png */; };
		FD8CF2901B7351F60089E209 /* snow2_night@2x.png in Resources */ = {isa = PBXBuildFile; fileRef = FD8CF26A1B7351F60089E209 /* snow2_night@2x.png */; };
		FD8CF2911B7351F60089E209 /* snow3@2x.png in Resources */ = {isa = PBXBuildFile; fileRef = FD8CF26B1B7351F60089E209 /* snow3@2x.png */; };
		FD8CF2921B7351F60089E209 /* snow3_night@2x.png in Resources */ = {isa = PBXBuildFile; fileRef = FD8CF26C1B7351F60089E209 /* snow3_night@2x.png */; };
		FD8CF2931B7351F60089E209 /* snow4@2x.png in Resources */ = {isa = PBXBuildFile; fileRef = FD8CF26D1B7351F60089E209 /* snow4@2x.png */; };
		FD8CF2941B7351F60089E209 /* snow5@2x.png in Resources */ = {isa = PBXBuildFile; fileRef = FD8CF26E1B7351F60089E209 /* snow5@2x.png */; };
		FD8CF2951B7351F60089E209 /* sunny@2x.png in Resources */ = {isa = PBXBuildFile; fileRef = FD8CF26F1B7351F60089E209 /* sunny@2x.png */; };
		FD8CF2961B7351F60089E209 /* sunny_night@2x.png in Resources */ = {isa = PBXBuildFile; fileRef = FD8CF2701B7351F60089E209 /* sunny_night@2x.png */; };
		FD8CF2971B7351F60089E209 /* tstorm1@2x.png in Resources */ = {isa = PBXBuildFile; fileRef = FD8CF2711B7351F60089E209 /* tstorm1@2x.png */; };
		FD8CF2981B7351F60089E209 /* tstorm1_night@2x.png in Resources */ = {isa = PBXBuildFile; fileRef = FD8CF2721B7351F60089E209 /* tstorm1_night@2x.png */; };
		FD8CF2991B7351F60089E209 /* tstorm2@2x.png in Resources */ = {isa = PBXBuildFile; fileRef = FD8CF2731B7351F60089E209 /* tstorm2@2x.png */; };
		FD8CF29A1B7351F60089E209 /* tstorm2_night@2x.png in Resources */ = {isa = PBXBuildFile; fileRef = FD8CF2741B7351F60089E209 /* tstorm2_night@2x.png */; };
		FD8CF29B1B7351F60089E209 /* tstorm3@2x.png in Resources */ = {isa = PBXBuildFile; fileRef = FD8CF2751B7351F60089E209 /* tstorm3@2x.png */; };
/* End PBXBuildFile section */

/* Begin PBXContainerItemProxy section */
		FD1D497A1B10E65400CC9863 /* PBXContainerItemProxy */ = {
			isa = PBXContainerItemProxy;
			containerPortal = FD1D49581B10E65400CC9863 /* Project object */;
			proxyType = 1;
			remoteGlobalIDString = FD1D495F1B10E65400CC9863;
			remoteInfo = WeatherCast;
		};
/* End PBXContainerItemProxy section */

/* Begin PBXFileReference section */
		009A42F539A3DBBC56560059 /* Pods.debug.xcconfig */ = {isa = PBXFileReference; includeInIndex = 1; lastKnownFileType = text.xcconfig; name = Pods.debug.xcconfig; path = "Pods/Target Support Files/Pods/Pods.debug.xcconfig"; sourceTree = "<group>"; };
		561491891B5D546900816666 /* CoreLocation.framework */ = {isa = PBXFileReference; lastKnownFileType = wrapper.framework; name = CoreLocation.framework; path = System/Library/Frameworks/CoreLocation.framework; sourceTree = SDKROOT; };
		5614918C1B5D597200816666 /* JXBAdPageView.h */ = {isa = PBXFileReference; fileEncoding = 4; lastKnownFileType = sourcecode.c.h; path = JXBAdPageView.h; sourceTree = "<group>"; };
		5614918D1B5D597200816666 /* JXBAdPageView.m */ = {isa = PBXFileReference; fileEncoding = 4; lastKnownFileType = sourcecode.c.objc; path = JXBAdPageView.m; sourceTree = "<group>"; };
		566532991B67ED760079D659 /* PNBar.h */ = {isa = PBXFileReference; fileEncoding = 4; lastKnownFileType = sourcecode.c.h; path = PNBar.h; sourceTree = "<group>"; };
		5665329A1B67ED760079D659 /* PNBar.m */ = {isa = PBXFileReference; fileEncoding = 4; lastKnownFileType = sourcecode.c.objc; path = PNBar.m; sourceTree = "<group>"; };
		5665329B1B67ED760079D659 /* PNBarChart.h */ = {isa = PBXFileReference; fileEncoding = 4; lastKnownFileType = sourcecode.c.h; path = PNBarChart.h; sourceTree = "<group>"; };
		5665329C1B67ED760079D659 /* PNBarChart.m */ = {isa = PBXFileReference; fileEncoding = 4; lastKnownFileType = sourcecode.c.objc; path = PNBarChart.m; sourceTree = "<group>"; };
		5665329D1B67ED760079D659 /* PNChart.h */ = {isa = PBXFileReference; fileEncoding = 4; lastKnownFileType = sourcecode.c.h; path = PNChart.h; sourceTree = "<group>"; };
		5665329E1B67ED760079D659 /* PNChart.m */ = {isa = PBXFileReference; fileEncoding = 4; lastKnownFileType = sourcecode.c.objc; path = PNChart.m; sourceTree = "<group>"; };
		5665329F1B67ED760079D659 /* PNChartLabel.h */ = {isa = PBXFileReference; fileEncoding = 4; lastKnownFileType = sourcecode.c.h; path = PNChartLabel.h; sourceTree = "<group>"; };
		566532A01B67ED760079D659 /* PNChartLabel.m */ = {isa = PBXFileReference; fileEncoding = 4; lastKnownFileType = sourcecode.c.objc; path = PNChartLabel.m; sourceTree = "<group>"; };
		566532A11B67ED760079D659 /* PNColor.h */ = {isa = PBXFileReference; fileEncoding = 4; lastKnownFileType = sourcecode.c.h; path = PNColor.h; sourceTree = "<group>"; };
		566532A21B67ED760079D659 /* PNColor.m */ = {isa = PBXFileReference; fileEncoding = 4; lastKnownFileType = sourcecode.c.objc; path = PNColor.m; sourceTree = "<group>"; };
		566532A31B67ED760079D659 /* PNLineChart.h */ = {isa = PBXFileReference; fileEncoding = 4; lastKnownFileType = sourcecode.c.h; path = PNLineChart.h; sourceTree = "<group>"; };
		566532A41B67ED760079D659 /* PNLineChart.m */ = {isa = PBXFileReference; fileEncoding = 4; lastKnownFileType = sourcecode.c.objc; path = PNLineChart.m; sourceTree = "<group>"; };
		566532AB1B67FF580079D659 /* IndexView.h */ = {isa = PBXFileReference; fileEncoding = 4; lastKnownFileType = sourcecode.c.h; path = IndexView.h; sourceTree = "<group>"; };
		566532AC1B67FF580079D659 /* IndexView.m */ = {isa = PBXFileReference; fileEncoding = 4; lastKnownFileType = sourcecode.c.objc; path = IndexView.m; sourceTree = "<group>"; };
		56834D811B50009E00F66287 /* ProvincesAndCities.plist */ = {isa = PBXFileReference; fileEncoding = 4; lastKnownFileType = text.plist.xml; path = ProvincesAndCities.plist; sourceTree = "<group>"; };
		56834D821B50009E00F66287 /* TSLocateView.h */ = {isa = PBXFileReference; fileEncoding = 4; lastKnownFileType = sourcecode.c.h; path = TSLocateView.h; sourceTree = "<group>"; };
		56834D831B50009E00F66287 /* TSLocateView.m */ = {isa = PBXFileReference; fileEncoding = 4; lastKnownFileType = sourcecode.c.objc; path = TSLocateView.m; sourceTree = "<group>"; };
		56834D841B50009E00F66287 /* TSLocateView.xib */ = {isa = PBXFileReference; fileEncoding = 4; lastKnownFileType = file.xib; path = TSLocateView.xib; sourceTree = "<group>"; };
		56834D851B50009E00F66287 /* TSLocation.h */ = {isa = PBXFileReference; fileEncoding = 4; lastKnownFileType = sourcecode.c.h; path = TSLocation.h; sourceTree = "<group>"; };
		56834D861B50009E00F66287 /* TSLocation.m */ = {isa = PBXFileReference; fileEncoding = 4; lastKnownFileType = sourcecode.c.objc; path = TSLocation.m; sourceTree = "<group>"; };
		56DC3B211B5119AF001D321C /* UIImage+wiRoundedRectImage.h */ = {isa = PBXFileReference; fileEncoding = 4; lastKnownFileType = sourcecode.c.h; path = "UIImage+wiRoundedRectImage.h"; sourceTree = "<group>"; };
		56DC3B221B5119AF001D321C /* UIImage+wiRoundedRectImage.m */ = {isa = PBXFileReference; fileEncoding = 4; lastKnownFileType = sourcecode.c.objc; path = "UIImage+wiRoundedRectImage.m"; sourceTree = "<group>"; };
		56DC3B241B511A85001D321C /* UIImageUtil.h */ = {isa = PBXFileReference; fileEncoding = 4; lastKnownFileType = sourcecode.c.h; path = UIImageUtil.h; sourceTree = "<group>"; };
		56DC3B251B511A85001D321C /* UIImageUtil.m */ = {isa = PBXFileReference; fileEncoding = 4; lastKnownFileType = sourcecode.c.objc; path = UIImageUtil.m; sourceTree = "<group>"; };
		AF633FE5E27B9D7057DD3417 /* Pods.release.xcconfig */ = {isa = PBXFileReference; includeInIndex = 1; lastKnownFileType = text.xcconfig; name = Pods.release.xcconfig; path = "Pods/Target Support Files/Pods/Pods.release.xcconfig"; sourceTree = "<group>"; };
		B4FC04F58B25D1F081F99EAD /* libPods.a */ = {isa = PBXFileReference; explicitFileType = archive.ar; includeInIndex = 0; path = libPods.a; sourceTree = BUILT_PRODUCTS_DIR; };
		FD1D49601B10E65400CC9863 /* WeatherCast.app */ = {isa = PBXFileReference; explicitFileType = wrapper.application; includeInIndex = 0; path = WeatherCast.app; sourceTree = BUILT_PRODUCTS_DIR; };
		FD1D49641B10E65400CC9863 /* Info.plist */ = {isa = PBXFileReference; lastKnownFileType = text.plist.xml; path = Info.plist; sourceTree = "<group>"; };
		FD1D49651B10E65400CC9863 /* main.m */ = {isa = PBXFileReference; lastKnownFileType = sourcecode.c.objc; path = main.m; sourceTree = "<group>"; };
		FD1D49671B10E65400CC9863 /* AppDelegate.h */ = {isa = PBXFileReference; lastKnownFileType = sourcecode.c.h; path = AppDelegate.h; sourceTree = "<group>"; };
		FD1D49681B10E65400CC9863 /* AppDelegate.m */ = {isa = PBXFileReference; lastKnownFileType = sourcecode.c.objc; path = AppDelegate.m; sourceTree = "<group>"; };
		FD1D496E1B10E65400CC9863 /* Base */ = {isa = PBXFileReference; lastKnownFileType = file.storyboard; name = Base; path = Base.lproj/Main.storyboard; sourceTree = "<group>"; };
		FD1D49701B10E65400CC9863 /* Images.xcassets */ = {isa = PBXFileReference; lastKnownFileType = folder.assetcatalog; path = Images.xcassets; sourceTree = "<group>"; };
		FD1D49731B10E65400CC9863 /* Base */ = {isa = PBXFileReference; lastKnownFileType = file.xib; name = Base; path = Base.lproj/LaunchScreen.xib; sourceTree = "<group>"; };
		FD1D49791B10E65400CC9863 /* WeatherCastTests.xctest */ = {isa = PBXFileReference; explicitFileType = wrapper.cfbundle; includeInIndex = 0; path = WeatherCastTests.xctest; sourceTree = BUILT_PRODUCTS_DIR; };
		FD1D497E1B10E65400CC9863 /* Info.plist */ = {isa = PBXFileReference; lastKnownFileType = text.plist.xml; path = Info.plist; sourceTree = "<group>"; };
		FD1D497F1B10E65400CC9863 /* WeatherCastTests.m */ = {isa = PBXFileReference; lastKnownFileType = sourcecode.c.objc; path = WeatherCastTests.m; sourceTree = "<group>"; };
		FD1D498C1B10F27C00CC9863 /* CityListTableViewController.h */ = {isa = PBXFileReference; fileEncoding = 4; lastKnownFileType = sourcecode.c.h; name = CityListTableViewController.h; path = ViewController/CityListTableViewController.h; sourceTree = "<group>"; };
		FD1D498D1B10F27C00CC9863 /* CityListTableViewController.m */ = {isa = PBXFileReference; fileEncoding = 4; lastKnownFileType = sourcecode.c.objc; name = CityListTableViewController.m; path = ViewController/CityListTableViewController.m; sourceTree = "<group>"; };
		FD1D49921B11C06F00CC9863 /* WeatherDetailViewController.h */ = {isa = PBXFileReference; fileEncoding = 4; lastKnownFileType = sourcecode.c.h; name = WeatherDetailViewController.h; path = ViewController/WeatherDetailViewController.h; sourceTree = "<group>"; };
		FD1D49931B11C06F00CC9863 /* WeatherDetailViewController.m */ = {isa = PBXFileReference; fileEncoding = 4; lastKnownFileType = sourcecode.c.objc; name = WeatherDetailViewController.m; path = ViewController/WeatherDetailViewController.m; sourceTree = "<group>"; };
		FD1D49951B11C20600CC9863 /* WeatherModel.h */ = {isa = PBXFileReference; fileEncoding = 4; lastKnownFileType = sourcecode.c.h; name = WeatherModel.h; path = Model/WeatherModel.h; sourceTree = "<group>"; };
		FD1D49961B11C20600CC9863 /* WeatherModel.m */ = {isa = PBXFileReference; fileEncoding = 4; lastKnownFileType = sourcecode.c.objc; name = WeatherModel.m; path = Model/WeatherModel.m; sourceTree = "<group>"; };
		FD1D49981B11C87900CC9863 /* ConstDef.h */ = {isa = PBXFileReference; lastKnownFileType = sourcecode.c.h; path = ConstDef.h; sourceTree = "<group>"; };
		FD747DE71B6771E1000F1469 /* UIFunction.h */ = {isa = PBXFileReference; fileEncoding = 4; lastKnownFileType = sourcecode.c.h; name = UIFunction.h; path = WeatherCast/UIFunction.h; sourceTree = SOURCE_ROOT; };
		FD747DE81B6771E1000F1469 /* UIFunction.m */ = {isa = PBXFileReference; fileEncoding = 4; lastKnownFileType = sourcecode.c.objc; name = UIFunction.m; path = WeatherCast/UIFunction.m; sourceTree = SOURCE_ROOT; };
		FD8CF21D1B734FFB0089E209 /* weathy_01@2x.png */ = {isa = PBXFileReference; lastKnownFileType = image.png; path = "weathy_01@2x.png"; sourceTree = "<group>"; };
		FD8CF21E1B734FFB0089E209 /* weathy_02@2x.png */ = {isa = PBXFileReference; lastKnownFileType = image.png; path = "weathy_02@2x.png"; sourceTree = "<group>"; };
		FD8CF21F1B734FFB0089E209 /* weathy_03@2x.png */ = {isa = PBXFileReference; lastKnownFileType = image.png; path = "weathy_03@2x.png"; sourceTree = "<group>"; };
		FD8CF2201B734FFB0089E209 /* weathy_04@2x.png */ = {isa = PBXFileReference; lastKnownFileType = image.png; path = "weathy_04@2x.png"; sourceTree = "<group>"; };
		FD8CF2211B734FFB0089E209 /* weathy_05@2x.png */ = {isa = PBXFileReference; lastKnownFileType = image.png; path = "weathy_05@2x.png"; sourceTree = "<group>"; };
		FD8CF2221B734FFB0089E209 /* weathy_06@2x.png */ = {isa = PBXFileReference; lastKnownFileType = image.png; path = "weathy_06@2x.png"; sourceTree = "<group>"; };
		FD8CF2231B734FFB0089E209 /* weathy_07@2x.png */ = {isa = PBXFileReference; lastKnownFileType = image.png; path = "weathy_07@2x.png"; sourceTree = "<group>"; };
		FD8CF2241B734FFB0089E209 /* weathy_08@2x.png */ = {isa = PBXFileReference; lastKnownFileType = image.png; path = "weathy_08@2x.png"; sourceTree = "<group>"; };
		FD8CF2251B734FFB0089E209 /* weathy_09@2x.png */ = {isa = PBXFileReference; lastKnownFileType = image.png; path = "weathy_09@2x.png"; sourceTree = "<group>"; };
		FD8CF2261B734FFB0089E209 /* weathy_10@2x.png */ = {isa = PBXFileReference; lastKnownFileType = image.png; path = "weathy_10@2x.png"; sourceTree = "<group>"; };
		FD8CF2271B734FFB0089E209 /* weathy_11@2x.png */ = {isa = PBXFileReference; lastKnownFileType = image.png; path = "weathy_11@2x.png"; sourceTree = "<group>"; };
		FD8CF2281B734FFB0089E209 /* weathy_12@2x.png */ = {isa = PBXFileReference; lastKnownFileType = image.png; path = "weathy_12@2x.png"; sourceTree = "<group>"; };
		FD8CF2291B734FFB0089E209 /* weathy_13@2x.png */ = {isa = PBXFileReference; lastKnownFileType = image.png; path = "weathy_13@2x.png"; sourceTree = "<group>"; };
		FD8CF22A1B734FFB0089E209 /* weathy_14@2x.png */ = {isa = PBXFileReference; lastKnownFileType = image.png; path = "weathy_14@2x.png"; sourceTree = "<group>"; };
		FD8CF22B1B734FFB0089E209 /* weathy_15@2x.png */ = {isa = PBXFileReference; lastKnownFileType = image.png; path = "weathy_15@2x.png"; sourceTree = "<group>"; };
		FD8CF22C1B734FFB0089E209 /* weathy_16@2x.png */ = {isa = PBXFileReference; lastKnownFileType = image.png; path = "weathy_16@2x.png"; sourceTree = "<group>"; };
		FD8CF22D1B734FFB0089E209 /* weathy_17@2x.png */ = {isa = PBXFileReference; lastKnownFileType = image.png; path = "weathy_17@2x.png"; sourceTree = "<group>"; };
		FD8CF22E1B734FFB0089E209 /* weathy_18@2x.png */ = {isa = PBXFileReference; lastKnownFileType = image.png; path = "weathy_18@2x.png"; sourceTree = "<group>"; };
		FD8CF22F1B734FFB0089E209 /* weathy_19@2x.png */ = {isa = PBXFileReference; lastKnownFileType = image.png; path = "weathy_19@2x.png"; sourceTree = "<group>"; };
		FD8CF2301B734FFB0089E209 /* weathy_20@2x.png */ = {isa = PBXFileReference; lastKnownFileType = image.png; path = "weathy_20@2x.png"; sourceTree = "<group>"; };
		FD8CF2311B734FFB0089E209 /* weathy_21@2x.png */ = {isa = PBXFileReference; lastKnownFileType = image.png; path = "weathy_21@2x.png"; sourceTree = "<group>"; };
		FD8CF2321B734FFB0089E209 /* weathy_22@2x.png */ = {isa = PBXFileReference; lastKnownFileType = image.png; path = "weathy_22@2x.png"; sourceTree = "<group>"; };
		FD8CF2331B734FFB0089E209 /* weathy_23@2x.png */ = {isa = PBXFileReference; lastKnownFileType = image.png; path = "weathy_23@2x.png"; sourceTree = "<group>"; };
		FD8CF2341B734FFB0089E209 /* weathy_24@2x.png */ = {isa = PBXFileReference; lastKnownFileType = image.png; path = "weathy_24@2x.png"; sourceTree = "<group>"; };
		FD8CF2351B734FFB0089E209 /* weathy_25@2x.png */ = {isa = PBXFileReference; lastKnownFileType = image.png; path = "weathy_25@2x.png"; sourceTree = "<group>"; };
		FD8CF2501B7351F60089E209 /* cloudy1@2x.png */ = {isa = PBXFileReference; lastKnownFileType = image.png; path = "cloudy1@2x.png"; sourceTree = "<group>"; };
		FD8CF2511B7351F60089E209 /* cloudy1_night@2x.png */ = {isa = PBXFileReference; lastKnownFileType = image.png; path = "cloudy1_night@2x.png"; sourceTree = "<group>"; };
		FD8CF2521B7351F60089E209 /* cloudy2@2x.png */ = {isa = PBXFileReference; lastKnownFileType = image.png; path = "cloudy2@2x.png"; sourceTree = "<group>"; };
		FD8CF2531B7351F60089E209 /* cloudy2_night@2x.png */ = {isa = PBXFileReference; lastKnownFileType = image.png; path = "cloudy2_night@2x.png"; sourceTree = "<group>"; };
		FD8CF2541B7351F60089E209 /* cloudy3@2x.png */ = {isa = PBXFileReference; lastKnownFileType = image.png; path = "cloudy3@2x.png"; sourceTree = "<group>"; };
		FD8CF2551B7351F60089E209 /* cloudy3_night@2x.png */ = {isa = PBXFileReference; lastKnownFileType = image.png; path = "cloudy3_night@2x.png"; sourceTree = "<group>"; };
		FD8CF2561B7351F60089E209 /* cloudy4@2x.png */ = {isa = PBXFileReference; lastKnownFileType = image.png; path = "cloudy4@2x.png"; sourceTree = "<group>"; };
		FD8CF2571B7351F60089E209 /* cloudy4_night@2x.png */ = {isa = PBXFileReference; lastKnownFileType = image.png; path = "cloudy4_night@2x.png"; sourceTree = "<group>"; };
		FD8CF2581B7351F60089E209 /* cloudy5@2x.png */ = {isa = PBXFileReference; lastKnownFileType = image.png; path = "cloudy5@2x.png"; sourceTree = "<group>"; };
		FD8CF2591B7351F60089E209 /* fog@2x.png */ = {isa = PBXFileReference; lastKnownFileType = image.png; path = "fog@2x.png"; sourceTree = "<group>"; };
		FD8CF25A1B7351F60089E209 /* fog_night@2x.png */ = {isa = PBXFileReference; lastKnownFileType = image.png; path = "fog_night@2x.png"; sourceTree = "<group>"; };
		FD8CF25B1B7351F60089E209 /* hail@2x.png */ = {isa = PBXFileReference; lastKnownFileType = image.png; path = "hail@2x.png"; sourceTree = "<group>"; };
		FD8CF25C1B7351F60089E209 /* light_rain@2x.png */ = {isa = PBXFileReference; lastKnownFileType = image.png; path = "light_rain@2x.png"; sourceTree = "<group>"; };
		FD8CF25D1B7351F60089E209 /* mist@2x.png */ = {isa = PBXFileReference; lastKnownFileType = image.png; path = "mist@2x.png"; sourceTree = "<group>"; };
		FD8CF25E1B7351F60089E209 /* mist_night@2x.png */ = {isa = PBXFileReference; lastKnownFileType = image.png; path = "mist_night@2x.png"; sourceTree = "<group>"; };
		FD8CF25F1B7351F60089E209 /* overcast@2x.png */ = {isa = PBXFileReference; lastKnownFileType = image.png; path = "overcast@2x.png"; sourceTree = "<group>"; };
		FD8CF2601B7351F60089E209 /* readme.html */ = {isa = PBXFileReference; fileEncoding = 4; lastKnownFileType = text.html; path = readme.html; sourceTree = "<group>"; };
		FD8CF2611B7351F60089E209 /* shower1@2x.png */ = {isa = PBXFileReference; lastKnownFileType = image.png; path = "shower1@2x.png"; sourceTree = "<group>"; };
		FD8CF2621B7351F60089E209 /* shower1_night@2x.png */ = {isa = PBXFileReference; lastKnownFileType = image.png; path = "shower1_night@2x.png"; sourceTree = "<group>"; };
		FD8CF2631B7351F60089E209 /* shower2@2x.png */ = {isa = PBXFileReference; lastKnownFileType = image.png; path = "shower2@2x.png"; sourceTree = "<group>"; };
		FD8CF2641B7351F60089E209 /* shower2_night@2x.png */ = {isa = PBXFileReference; lastKnownFileType = image.png; path = "shower2_night@2x.png"; sourceTree = "<group>"; };
		FD8CF2651B7351F60089E209 /* shower3@2x.png */ = {isa = PBXFileReference; lastKnownFileType = image.png; path = "shower3@2x.png"; sourceTree = "<group>"; };
		FD8CF2661B7351F60089E209 /* sleet@2x.png */ = {isa = PBXFileReference; lastKnownFileType = image.png; path = "sleet@2x.png"; sourceTree = "<group>"; };
		FD8CF2671B7351F60089E209 /* snow1@2x.png */ = {isa = PBXFileReference; lastKnownFileType = image.png; path = "snow1@2x.png"; sourceTree = "<group>"; };
		FD8CF2681B7351F60089E209 /* snow1_night@2x.png */ = {isa = PBXFileReference; lastKnownFileType = image.png; path = "snow1_night@2x.png"; sourceTree = "<group>"; };
		FD8CF2691B7351F60089E209 /* snow2@2x.png */ = {isa = PBXFileReference; lastKnownFileType = image.png; path = "snow2@2x.png"; sourceTree = "<group>"; };
		FD8CF26A1B7351F60089E209 /* snow2_night@2x.png */ = {isa = PBXFileReference; lastKnownFileType = image.png; path = "snow2_night@2x.png"; sourceTree = "<group>"; };
		FD8CF26B1B7351F60089E209 /* snow3@2x.png */ = {isa = PBXFileReference; lastKnownFileType = image.png; path = "snow3@2x.png"; sourceTree = "<group>"; };
		FD8CF26C1B7351F60089E209 /* snow3_night@2x.png */ = {isa = PBXFileReference; lastKnownFileType = image.png; path = "snow3_night@2x.png"; sourceTree = "<group>"; };
		FD8CF26D1B7351F60089E209 /* snow4@2x.png */ = {isa = PBXFileReference; lastKnownFileType = image.png; path = "snow4@2x.png"; sourceTree = "<group>"; };
		FD8CF26E1B7351F60089E209 /* snow5@2x.png */ = {isa = PBXFileReference; lastKnownFileType = image.png; path = "snow5@2x.png"; sourceTree = "<group>"; };
		FD8CF26F1B7351F60089E209 /* sunny@2x.png */ = {isa = PBXFileReference; lastKnownFileType = image.png; path = "sunny@2x.png"; sourceTree = "<group>"; };
		FD8CF2701B7351F60089E209 /* sunny_night@2x.png */ = {isa = PBXFileReference; lastKnownFileType = image.png; path = "sunny_night@2x.png"; sourceTree = "<group>"; };
		FD8CF2711B7351F60089E209 /* tstorm1@2x.png */ = {isa = PBXFileReference; lastKnownFileType = image.png; path = "tstorm1@2x.png"; sourceTree = "<group>"; };
		FD8CF2721B7351F60089E209 /* tstorm1_night@2x.png */ = {isa = PBXFileReference; lastKnownFileType = image.png; path = "tstorm1_night@2x.png"; sourceTree = "<group>"; };
		FD8CF2731B7351F60089E209 /* tstorm2@2x.png */ = {isa = PBXFileReference; lastKnownFileType = image.png; path = "tstorm2@2x.png"; sourceTree = "<group>"; };
		FD8CF2741B7351F60089E209 /* tstorm2_night@2x.png */ = {isa = PBXFileReference; lastKnownFileType = image.png; path = "tstorm2_night@2x.png"; sourceTree = "<group>"; };
		FD8CF2751B7351F60089E209 /* tstorm3@2x.png */ = {isa = PBXFileReference; lastKnownFileType = image.png; path = "tstorm3@2x.png"; sourceTree = "<group>"; };
/* End PBXFileReference section */

/* Begin PBXFrameworksBuildPhase section */
		FD1D495D1B10E65400CC9863 /* Frameworks */ = {
			isa = PBXFrameworksBuildPhase;
			buildActionMask = 2147483647;
			files = (
				5614918A1B5D546900816666 /* CoreLocation.framework in Frameworks */,
				A0132160C4D5F5E0BB545374 /* libPods.a in Frameworks */,
			);
			runOnlyForDeploymentPostprocessing = 0;
		};
		FD1D49761B10E65400CC9863 /* Frameworks */ = {
			isa = PBXFrameworksBuildPhase;
			buildActionMask = 2147483647;
			files = (
			);
			runOnlyForDeploymentPostprocessing = 0;
		};
/* End PBXFrameworksBuildPhase section */

/* Begin PBXGroup section */
		524D1610D7AAB600BDD08E99 /* Frameworks */ = {
			isa = PBXGroup;
			children = (
				561491891B5D546900816666 /* CoreLocation.framework */,
				B4FC04F58B25D1F081F99EAD /* libPods.a */,
			);
			name = Frameworks;
			sourceTree = "<group>";
		};
		5614918B1B5D597200816666 /* JXBAdPageView */ = {
			isa = PBXGroup;
			children = (
				5614918C1B5D597200816666 /* JXBAdPageView.h */,
				5614918D1B5D597200816666 /* JXBAdPageView.m */,
			);
			path = JXBAdPageView;
			sourceTree = "<group>";
		};
		566532981B67ED760079D659 /* PNChart */ = {
			isa = PBXGroup;
			children = (
				566532991B67ED760079D659 /* PNBar.h */,
				5665329A1B67ED760079D659 /* PNBar.m */,
				5665329B1B67ED760079D659 /* PNBarChart.h */,
				5665329C1B67ED760079D659 /* PNBarChart.m */,
				5665329D1B67ED760079D659 /* PNChart.h */,
				5665329E1B67ED760079D659 /* PNChart.m */,
				5665329F1B67ED760079D659 /* PNChartLabel.h */,
				566532A01B67ED760079D659 /* PNChartLabel.m */,
				566532A11B67ED760079D659 /* PNColor.h */,
				566532A21B67ED760079D659 /* PNColor.m */,
				566532A31B67ED760079D659 /* PNLineChart.h */,
				566532A41B67ED760079D659 /* PNLineChart.m */,
			);
			path = PNChart;
			sourceTree = "<group>";
		};
		56834D771B50009E00F66287 /* View */ = {
			isa = PBXGroup;
			children = (
				566532981B67ED760079D659 /* PNChart */,
				5614918B1B5D597200816666 /* JXBAdPageView */,
				56834D781B50009E00F66287 /* TSLocation */,
				566532AB1B67FF580079D659 /* IndexView.h */,
				566532AC1B67FF580079D659 /* IndexView.m */,
			);
			path = View;
			sourceTree = "<group>";
		};
		56834D781B50009E00F66287 /* TSLocation */ = {
			isa = PBXGroup;
			children = (
				56834D811B50009E00F66287 /* ProvincesAndCities.plist */,
				56834D821B50009E00F66287 /* TSLocateView.h */,
				56834D831B50009E00F66287 /* TSLocateView.m */,
				56834D841B50009E00F66287 /* TSLocateView.xib */,
				56834D851B50009E00F66287 /* TSLocation.h */,
				56834D861B50009E00F66287 /* TSLocation.m */,
			);
			path = TSLocation;
			sourceTree = "<group>";
		};
		56DC3B201B51199B001D321C /* ToolLibs */ = {
			isa = PBXGroup;
			children = (
				56DC3B241B511A85001D321C /* UIImageUtil.h */,
				56DC3B251B511A85001D321C /* UIImageUtil.m */,
				56DC3B211B5119AF001D321C /* UIImage+wiRoundedRectImage.h */,
				56DC3B221B5119AF001D321C /* UIImage+wiRoundedRectImage.m */,
			);
			path = ToolLibs;
			sourceTree = "<group>";
		};
		A02034B169D8663BCC2F3FBC /* Pods */ = {
			isa = PBXGroup;
			children = (
				009A42F539A3DBBC56560059 /* Pods.debug.xcconfig */,
				AF633FE5E27B9D7057DD3417 /* Pods.release.xcconfig */,
			);
			name = Pods;
			sourceTree = "<group>";
		};
		FD1D49571B10E65400CC9863 = {
			isa = PBXGroup;
			children = (
				FD1D49621B10E65400CC9863 /* WeatherCast */,
				FD1D497C1B10E65400CC9863 /* WeatherCastTests */,
				FD1D49611B10E65400CC9863 /* Products */,
				A02034B169D8663BCC2F3FBC /* Pods */,
				524D1610D7AAB600BDD08E99 /* Frameworks */,
			);
			sourceTree = "<group>";
		};
		FD1D49611B10E65400CC9863 /* Products */ = {
			isa = PBXGroup;
			children = (
				FD1D49601B10E65400CC9863 /* WeatherCast.app */,
				FD1D49791B10E65400CC9863 /* WeatherCastTests.xctest */,
			);
			name = Products;
			sourceTree = "<group>";
		};
		FD1D49621B10E65400CC9863 /* WeatherCast */ = {
			isa = PBXGroup;
			children = (
				FD747DE71B6771E1000F1469 /* UIFunction.h */,
				FD747DE81B6771E1000F1469 /* UIFunction.m */,
				56DC3B201B51199B001D321C /* ToolLibs */,
				56834D771B50009E00F66287 /* View */,
				FD1D49991B11CB5200CC9863 /* Resources */,
				FD1D498B1B10F22D00CC9863 /* ViewController */,
				FD1D49891B10F21B00CC9863 /* Model */,
				FD1D49671B10E65400CC9863 /* AppDelegate.h */,
				FD1D49681B10E65400CC9863 /* AppDelegate.m */,
				FD1D496D1B10E65400CC9863 /* Main.storyboard */,
				FD1D49701B10E65400CC9863 /* Images.xcassets */,
				FD1D49721B10E65400CC9863 /* LaunchScreen.xib */,
				FD1D49631B10E65400CC9863 /* Supporting Files */,
				FD1D49981B11C87900CC9863 /* ConstDef.h */,
			);
			path = WeatherCast;
			sourceTree = "<group>";
		};
		FD1D49631B10E65400CC9863 /* Supporting Files */ = {
			isa = PBXGroup;
			children = (
				FD1D49641B10E65400CC9863 /* Info.plist */,
				FD1D49651B10E65400CC9863 /* main.m */,
			);
			name = "Supporting Files";
			sourceTree = "<group>";
		};
		FD1D497C1B10E65400CC9863 /* WeatherCastTests */ = {
			isa = PBXGroup;
			children = (
				FD1D497F1B10E65400CC9863 /* WeatherCastTests.m */,
				FD1D497D1B10E65400CC9863 /* Supporting Files */,
			);
			path = WeatherCastTests;
			sourceTree = "<group>";
		};
		FD1D497D1B10E65400CC9863 /* Supporting Files */ = {
			isa = PBXGroup;
			children = (
				FD1D497E1B10E65400CC9863 /* Info.plist */,
			);
			name = "Supporting Files";
			sourceTree = "<group>";
		};
		FD1D49891B10F21B00CC9863 /* Model */ = {
			isa = PBXGroup;
			children = (
				FD1D49951B11C20600CC9863 /* WeatherModel.h */,
				FD1D49961B11C20600CC9863 /* WeatherModel.m */,
			);
			name = Model;
			sourceTree = "<group>";
		};
		FD1D498B1B10F22D00CC9863 /* ViewController */ = {
			isa = PBXGroup;
			children = (
				FD1D498C1B10F27C00CC9863 /* CityListTableViewController.h */,
				FD1D498D1B10F27C00CC9863 /* CityListTableViewController.m */,
				FD1D49921B11C06F00CC9863 /* WeatherDetailViewController.h */,
				FD1D49931B11C06F00CC9863 /* WeatherDetailViewController.m */,
			);
			name = ViewController;
			sourceTree = "<group>";
		};
		FD1D49991B11CB5200CC9863 /* Resources */ = {
			isa = PBXGroup;
			children = (
				FD8CF24F1B7351F60089E209 /* tick_weather */,
				FD8CF21C1B734FFB0089E209 /* weathy */,
			);
			name = Resources;
			sourceTree = "<group>";
		};
		FD8CF21C1B734FFB0089E209 /* weathy */ = {
			isa = PBXGroup;
			children = (
				FD8CF21D1B734FFB0089E209 /* weathy_01@2x.png */,
				FD8CF21E1B734FFB0089E209 /* weathy_02@2x.png */,
				FD8CF21F1B734FFB0089E209 /* weathy_03@2x.png */,
				FD8CF2201B734FFB0089E209 /* weathy_04@2x.png */,
				FD8CF2211B734FFB0089E209 /* weathy_05@2x.png */,
				FD8CF2221B734FFB0089E209 /* weathy_06@2x.png */,
				FD8CF2231B734FFB0089E209 /* weathy_07@2x.png */,
				FD8CF2241B734FFB0089E209 /* weathy_08@2x.png */,
				FD8CF2251B734FFB0089E209 /* weathy_09@2x.png */,
				FD8CF2261B734FFB0089E209 /* weathy_10@2x.png */,
				FD8CF2271B734FFB0089E209 /* weathy_11@2x.png */,
				FD8CF2281B734FFB0089E209 /* weathy_12@2x.png */,
				FD8CF2291B734FFB0089E209 /* weathy_13@2x.png */,
				FD8CF22A1B734FFB0089E209 /* weathy_14@2x.png */,
				FD8CF22B1B734FFB0089E209 /* weathy_15@2x.png */,
				FD8CF22C1B734FFB0089E209 /* weathy_16@2x.png */,
				FD8CF22D1B734FFB0089E209 /* weathy_17@2x.png */,
				FD8CF22E1B734FFB0089E209 /* weathy_18@2x.png */,
				FD8CF22F1B734FFB0089E209 /* weathy_19@2x.png */,
				FD8CF2301B734FFB0089E209 /* weathy_20@2x.png */,
				FD8CF2311B734FFB0089E209 /* weathy_21@2x.png */,
				FD8CF2321B734FFB0089E209 /* weathy_22@2x.png */,
				FD8CF2331B734FFB0089E209 /* weathy_23@2x.png */,
				FD8CF2341B734FFB0089E209 /* weathy_24@2x.png */,
				FD8CF2351B734FFB0089E209 /* weathy_25@2x.png */,
			);
			name = weathy;
			path = Resources/weathy;
			sourceTree = "<group>";
		};
		FD8CF24F1B7351F60089E209 /* tick_weather */ = {
			isa = PBXGroup;
			children = (
				FD8CF2501B7351F60089E209 /* cloudy1@2x.png */,
				FD8CF2511B7351F60089E209 /* cloudy1_night@2x.png */,
				FD8CF2521B7351F60089E209 /* cloudy2@2x.png */,
				FD8CF2531B7351F60089E209 /* cloudy2_night@2x.png */,
				FD8CF2541B7351F60089E209 /* cloudy3@2x.png */,
				FD8CF2551B7351F60089E209 /* cloudy3_night@2x.png */,
				FD8CF2561B7351F60089E209 /* cloudy4@2x.png */,
				FD8CF2571B7351F60089E209 /* cloudy4_night@2x.png */,
				FD8CF2581B7351F60089E209 /* cloudy5@2x.png */,
				FD8CF2591B7351F60089E209 /* fog@2x.png */,
				FD8CF25A1B7351F60089E209 /* fog_night@2x.png */,
				FD8CF25B1B7351F60089E209 /* hail@2x.png */,
				FD8CF25C1B7351F60089E209 /* light_rain@2x.png */,
				FD8CF25D1B7351F60089E209 /* mist@2x.png */,
				FD8CF25E1B7351F60089E209 /* mist_night@2x.png */,
				FD8CF25F1B7351F60089E209 /* overcast@2x.png */,
				FD8CF2601B7351F60089E209 /* readme.html */,
				FD8CF2611B7351F60089E209 /* shower1@2x.png */,
				FD8CF2621B7351F60089E209 /* shower1_night@2x.png */,
				FD8CF2631B7351F60089E209 /* shower2@2x.png */,
				FD8CF2641B7351F60089E209 /* shower2_night@2x.png */,
				FD8CF2651B7351F60089E209 /* shower3@2x.png */,
				FD8CF2661B7351F60089E209 /* sleet@2x.png */,
				FD8CF2671B7351F60089E209 /* snow1@2x.png */,
				FD8CF2681B7351F60089E209 /* snow1_night@2x.png */,
				FD8CF2691B7351F60089E209 /* snow2@2x.png */,
				FD8CF26A1B7351F60089E209 /* snow2_night@2x.png */,
				FD8CF26B1B7351F60089E209 /* snow3@2x.png */,
				FD8CF26C1B7351F60089E209 /* snow3_night@2x.png */,
				FD8CF26D1B7351F60089E209 /* snow4@2x.png */,
				FD8CF26E1B7351F60089E209 /* snow5@2x.png */,
				FD8CF26F1B7351F60089E209 /* sunny@2x.png */,
				FD8CF2701B7351F60089E209 /* sunny_night@2x.png */,
				FD8CF2711B7351F60089E209 /* tstorm1@2x.png */,
				FD8CF2721B7351F60089E209 /* tstorm1_night@2x.png */,
				FD8CF2731B7351F60089E209 /* tstorm2@2x.png */,
				FD8CF2741B7351F60089E209 /* tstorm2_night@2x.png */,
				FD8CF2751B7351F60089E209 /* tstorm3@2x.png */,
			);
			name = tick_weather;
			path = Resources/tick_weather;
			sourceTree = "<group>";
		};
/* End PBXGroup section */

/* Begin PBXNativeTarget section */
		FD1D495F1B10E65400CC9863 /* WeatherCast */ = {
			isa = PBXNativeTarget;
			buildConfigurationList = FD1D49831B10E65400CC9863 /* Build configuration list for PBXNativeTarget "WeatherCast" */;
			buildPhases = (
				560978FA34E734D2D1470164 /* Check Pods Manifest.lock */,
				FD1D495C1B10E65400CC9863 /* Sources */,
				FD1D495D1B10E65400CC9863 /* Frameworks */,
				FD1D495E1B10E65400CC9863 /* Resources */,
				06A588CE2CC3358D6BEA0E36 /* Copy Pods Resources */,
			);
			buildRules = (
			);
			dependencies = (
			);
			name = WeatherCast;
			productName = WeatherCast;
			productReference = FD1D49601B10E65400CC9863 /* WeatherCast.app */;
			productType = "com.apple.product-type.application";
		};
		FD1D49781B10E65400CC9863 /* WeatherCastTests */ = {
			isa = PBXNativeTarget;
			buildConfigurationList = FD1D49861B10E65400CC9863 /* Build configuration list for PBXNativeTarget "WeatherCastTests" */;
			buildPhases = (
				FD1D49751B10E65400CC9863 /* Sources */,
				FD1D49761B10E65400CC9863 /* Frameworks */,
				FD1D49771B10E65400CC9863 /* Resources */,
			);
			buildRules = (
			);
			dependencies = (
				FD1D497B1B10E65400CC9863 /* PBXTargetDependency */,
			);
			name = WeatherCastTests;
			productName = WeatherCastTests;
			productReference = FD1D49791B10E65400CC9863 /* WeatherCastTests.xctest */;
			productType = "com.apple.product-type.bundle.unit-test";
		};
/* End PBXNativeTarget section */

/* Begin PBXProject section */
		FD1D49581B10E65400CC9863 /* Project object */ = {
			isa = PBXProject;
			attributes = {
				LastUpgradeCheck = 0630;
				ORGANIZATIONNAME = long;
				TargetAttributes = {
					FD1D495F1B10E65400CC9863 = {
						CreatedOnToolsVersion = 6.3;
						DevelopmentTeam = Z37ARR3CQ3;
					};
					FD1D49781B10E65400CC9863 = {
						CreatedOnToolsVersion = 6.3;
						DevelopmentTeam = Z37ARR3CQ3;
						TestTargetID = FD1D495F1B10E65400CC9863;
					};
				};
			};
			buildConfigurationList = FD1D495B1B10E65400CC9863 /* Build configuration list for PBXProject "WeatherCast" */;
			compatibilityVersion = "Xcode 3.2";
			developmentRegion = English;
			hasScannedForEncodings = 0;
			knownRegions = (
				en,
				Base,
			);
			mainGroup = FD1D49571B10E65400CC9863;
			productRefGroup = FD1D49611B10E65400CC9863 /* Products */;
			projectDirPath = "";
			projectRoot = "";
			targets = (
				FD1D495F1B10E65400CC9863 /* WeatherCast */,
				FD1D49781B10E65400CC9863 /* WeatherCastTests */,
			);
		};
/* End PBXProject section */

/* Begin PBXResourcesBuildPhase section */
		FD1D495E1B10E65400CC9863 /* Resources */ = {
			isa = PBXResourcesBuildPhase;
			buildActionMask = 2147483647;
			files = (
				FD8CF2811B7351F60089E209 /* hail@2x.png in Resources */,
				FD8CF2841B7351F60089E209 /* mist_night@2x.png in Resources */,
				FD8CF2441B734FFB0089E209 /* weathy_15@2x.png in Resources */,
				FD8CF2471B734FFB0089E209 /* weathy_18@2x.png in Resources */,
				FD8CF2431B734FFB0089E209 /* weathy_14@2x.png in Resources */,
				FD8CF2971B7351F60089E209 /* tstorm1@2x.png in Resources */,
				FD8CF2401B734FFB0089E209 /* weathy_11@2x.png in Resources */,
				56834D8E1B50009E00F66287 /* ProvincesAndCities.plist in Resources */,
				FD8CF23C1B734FFB0089E209 /* weathy_07@2x.png in Resources */,
				FD8CF24D1B734FFB0089E209 /* weathy_24@2x.png in Resources */,
				FD8CF23B1B734FFB0089E209 /* weathy_06@2x.png in Resources */,
				FD8CF2901B7351F60089E209 /* snow2_night@2x.png in Resources */,
				FD8CF2801B7351F60089E209 /* fog_night@2x.png in Resources */,
				FD8CF2761B7351F60089E209 /* cloudy1@2x.png in Resources */,
				FD8CF24C1B734FFB0089E209 /* weathy_23@2x.png in Resources */,
				FD8CF27C1B7351F60089E209 /* cloudy4@2x.png in Resources */,
				FD8CF24B1B734FFB0089E209 /* weathy_22@2x.png in Resources */,
				FD8CF2771B7351F60089E209 /* cloudy1_night@2x.png in Resources */,
				FD8CF2921B7351F60089E209 /* snow3_night@2x.png in Resources */,
				FD8CF29B1B7351F60089E209 /* tstorm3@2x.png in Resources */,
				FD8CF2381B734FFB0089E209 /* weathy_03@2x.png in Resources */,
				FD8CF2891B7351F60089E209 /* shower2@2x.png in Resources */,
				FD8CF28F1B7351F60089E209 /* snow2@2x.png in Resources */,
				FD8CF2881B7351F60089E209 /* shower1_night@2x.png in Resources */,
				FD8CF2451B734FFB0089E209 /* weathy_16@2x.png in Resources */,
				FD8CF2461B734FFB0089E209 /* weathy_17@2x.png in Resources */,
				FD8CF2931B7351F60089E209 /* snow4@2x.png in Resources */,
				FD8CF2391B734FFB0089E209 /* weathy_04@2x.png in Resources */,
				FD8CF2871B7351F60089E209 /* shower1@2x.png in Resources */,
				FD1D496F1B10E65400CC9863 /* Main.storyboard in Resources */,
				FD8CF27B1B7351F60089E209 /* cloudy3_night@2x.png in Resources */,
				FD8CF27F1B7351F60089E209 /* fog@2x.png in Resources */,
				FD8CF27A1B7351F60089E209 /* cloudy3@2x.png in Resources */,
				FD8CF2991B7351F60089E209 /* tstorm2@2x.png in Resources */,
				FD8CF28A1B7351F60089E209 /* shower2_night@2x.png in Resources */,
				FD8CF2371B734FFB0089E209 /* weathy_02@2x.png in Resources */,
				FD8CF2791B7351F60089E209 /* cloudy2_night@2x.png in Resources */,
				FD8CF28B1B7351F60089E209 /* shower3@2x.png in Resources */,
				FD8CF2781B7351F60089E209 /* cloudy2@2x.png in Resources */,
				FD8CF2421B734FFB0089E209 /* weathy_13@2x.png in Resources */,
				FD8CF2911B7351F60089E209 /* snow3@2x.png in Resources */,
				FD8CF23E1B734FFB0089E209 /* weathy_09@2x.png in Resources */,
				FD8CF2861B7351F60089E209 /* readme.html in Resources */,
				FD8CF2411B734FFB0089E209 /* weathy_12@2x.png in Resources */,
				FD8CF2831B7351F60089E209 /* mist@2x.png in Resources */,
				FD8CF2951B7351F60089E209 /* sunny@2x.png in Resources */,
				FD8CF2851B7351F60089E209 /* overcast@2x.png in Resources */,
				FD8CF24E1B734FFB0089E209 /* weathy_25@2x.png in Resources */,
				FD8CF2481B734FFB0089E209 /* weathy_19@2x.png in Resources */,
				FD1D49741B10E65400CC9863 /* LaunchScreen.xib in Resources */,
				FD8CF23D1B734FFB0089E209 /* weathy_08@2x.png in Resources */,
				FD8CF27E1B7351F60089E209 /* cloudy5@2x.png in Resources */,
				FD8CF2941B7351F60089E209 /* snow5@2x.png in Resources */,
				FD8CF28E1B7351F60089E209 /* snow1_night@2x.png in Resources */,
				FD1D49711B10E65400CC9863 /* Images.xcassets in Resources */,
				FD8CF2491B734FFB0089E209 /* weathy_20@2x.png in Resources */,
				FD8CF2821B7351F60089E209 /* light_rain@2x.png in Resources */,
				FD8CF27D1B7351F60089E209 /* cloudy4_night@2x.png in Resources */,
				FD8CF2981B7351F60089E209 /* tstorm1_night@2x.png in Resources */,
				FD8CF29A1B7351F60089E209 /* tstorm2_night@2x.png in Resources */,
				FD8CF23F1B734FFB0089E209 /* weathy_10@2x.png in Resources */,
				FD8CF23A1B734FFB0089E209 /* weathy_05@2x.png in Resources */,
				FD8CF28D1B7351F60089E209 /* snow1@2x.png in Resources */,
				FD8CF28C1B7351F60089E209 /* sleet@2x.png in Resources */,
				FD8CF2961B7351F60089E209 /* sunny_night@2x.png in Resources */,
				56834D901B50009E00F66287 /* TSLocateView.xib in Resources */,
				FD8CF2361B734FFB0089E209 /* weathy_01@2x.png in Resources */,
				FD8CF24A1B734FFB0089E209 /* weathy_21@2x.png in Resources */,
			);
			runOnlyForDeploymentPostprocessing = 0;
		};
		FD1D49771B10E65400CC9863 /* Resources */ = {
			isa = PBXResourcesBuildPhase;
			buildActionMask = 2147483647;
			files = (
			);
			runOnlyForDeploymentPostprocessing = 0;
		};
/* End PBXResourcesBuildPhase section */

/* Begin PBXShellScriptBuildPhase section */
		06A588CE2CC3358D6BEA0E36 /* Copy Pods Resources */ = {
			isa = PBXShellScriptBuildPhase;
			buildActionMask = 2147483647;
			files = (
			);
			inputPaths = (
			);
			name = "Copy Pods Resources";
			outputPaths = (
			);
			runOnlyForDeploymentPostprocessing = 0;
			shellPath = /bin/sh;
			shellScript = "\"${SRCROOT}/Pods/Target Support Files/Pods/Pods-resources.sh\"\n";
			showEnvVarsInLog = 0;
		};
		560978FA34E734D2D1470164 /* Check Pods Manifest.lock */ = {
			isa = PBXShellScriptBuildPhase;
			buildActionMask = 2147483647;
			files = (
			);
			inputPaths = (
			);
			name = "Check Pods Manifest.lock";
			outputPaths = (
			);
			runOnlyForDeploymentPostprocessing = 0;
			shellPath = /bin/sh;
			shellScript = "diff \"${PODS_ROOT}/../Podfile.lock\" \"${PODS_ROOT}/Manifest.lock\" > /dev/null\nif [[ $? != 0 ]] ; then\n    cat << EOM\nerror: The sandbox is not in sync with the Podfile.lock. Run 'pod install' or update your CocoaPods installation.\nEOM\n    exit 1\nfi\n";
			showEnvVarsInLog = 0;
		};
/* End PBXShellScriptBuildPhase section */

/* Begin PBXSourcesBuildPhase section */
		FD1D495C1B10E65400CC9863 /* Sources */ = {
			isa = PBXSourcesBuildPhase;
			buildActionMask = 2147483647;
			files = (
				566532AA1B67ED760079D659 /* PNLineChart.m in Sources */,
				FD1D49971B11C20600CC9863 /* WeatherModel.m in Sources */,
				FD747DE91B6771E1000F1469 /* UIFunction.m in Sources */,
				5614918E1B5D597200816666 /* JXBAdPageView.m in Sources */,
				566532A51B67ED760079D659 /* PNBar.m in Sources */,
				FD1D49691B10E65400CC9863 /* AppDelegate.m in Sources */,
				566532A91B67ED760079D659 /* PNColor.m in Sources */,
				566532A61B67ED760079D659 /* PNBarChart.m in Sources */,
				FD1D49941B11C06F00CC9863 /* WeatherDetailViewController.m in Sources */,
				FD1D49661B10E65400CC9863 /* main.m in Sources */,
				566532A81B67ED760079D659 /* PNChartLabel.m in Sources */,
				FD1D498E1B10F27C00CC9863 /* CityListTableViewController.m in Sources */,
				56834D8F1B50009E00F66287 /* TSLocateView.m in Sources */,
				56DC3B261B511A85001D321C /* UIImageUtil.m in Sources */,
				566532AD1B67FF580079D659 /* IndexView.m in Sources */,
				56834D911B50009E00F66287 /* TSLocation.m in Sources */,
				566532A71B67ED760079D659 /* PNChart.m in Sources */,
				56DC3B231B5119AF001D321C /* UIImage+wiRoundedRectImage.m in Sources */,
			);
			runOnlyForDeploymentPostprocessing = 0;
		};
		FD1D49751B10E65400CC9863 /* Sources */ = {
			isa = PBXSourcesBuildPhase;
			buildActionMask = 2147483647;
			files = (
				FD1D49801B10E65400CC9863 /* WeatherCastTests.m in Sources */,
			);
			runOnlyForDeploymentPostprocessing = 0;
		};
/* End PBXSourcesBuildPhase section */

/* Begin PBXTargetDependency section */
		FD1D497B1B10E65400CC9863 /* PBXTargetDependency */ = {
			isa = PBXTargetDependency;
			target = FD1D495F1B10E65400CC9863 /* WeatherCast */;
			targetProxy = FD1D497A1B10E65400CC9863 /* PBXContainerItemProxy */;
		};
/* End PBXTargetDependency section */

/* Begin PBXVariantGroup section */
		FD1D496D1B10E65400CC9863 /* Main.storyboard */ = {
			isa = PBXVariantGroup;
			children = (
				FD1D496E1B10E65400CC9863 /* Base */,
			);
			name = Main.storyboard;
			sourceTree = "<group>";
		};
		FD1D49721B10E65400CC9863 /* LaunchScreen.xib */ = {
			isa = PBXVariantGroup;
			children = (
				FD1D49731B10E65400CC9863 /* Base */,
			);
			name = LaunchScreen.xib;
			sourceTree = "<group>";
		};
/* End PBXVariantGroup section */

/* Begin XCBuildConfiguration section */
		FD1D49811B10E65400CC9863 /* Debug */ = {
			isa = XCBuildConfiguration;
			buildSettings = {
				ALWAYS_SEARCH_USER_PATHS = NO;
				CLANG_CXX_LANGUAGE_STANDARD = "gnu++0x";
				CLANG_CXX_LIBRARY = "libc++";
				CLANG_ENABLE_MODULES = YES;
				CLANG_ENABLE_OBJC_ARC = YES;
				CLANG_WARN_BOOL_CONVERSION = YES;
				CLANG_WARN_CONSTANT_CONVERSION = YES;
				CLANG_WARN_DIRECT_OBJC_ISA_USAGE = YES_ERROR;
				CLANG_WARN_EMPTY_BODY = YES;
				CLANG_WARN_ENUM_CONVERSION = YES;
				CLANG_WARN_INT_CONVERSION = YES;
				CLANG_WARN_OBJC_ROOT_CLASS = YES_ERROR;
				CLANG_WARN_UNREACHABLE_CODE = YES;
				CLANG_WARN__DUPLICATE_METHOD_MATCH = YES;
				CODE_SIGN_IDENTITY = "";
				"CODE_SIGN_IDENTITY[sdk=iphoneos*]" = "";
				COPY_PHASE_STRIP = NO;
				DEBUG_INFORMATION_FORMAT = "dwarf-with-dsym";
				ENABLE_STRICT_OBJC_MSGSEND = YES;
				GCC_C_LANGUAGE_STANDARD = gnu99;
				GCC_DYNAMIC_NO_PIC = NO;
				GCC_NO_COMMON_BLOCKS = YES;
				GCC_OPTIMIZATION_LEVEL = 0;
				GCC_PREPROCESSOR_DEFINITIONS = (
					"DEBUG=1",
					"$(inherited)",
				);
				GCC_SYMBOLS_PRIVATE_EXTERN = NO;
				GCC_WARN_64_TO_32_BIT_CONVERSION = YES;
				GCC_WARN_ABOUT_RETURN_TYPE = YES_ERROR;
				GCC_WARN_UNDECLARED_SELECTOR = YES;
				GCC_WARN_UNINITIALIZED_AUTOS = YES_AGGRESSIVE;
				GCC_WARN_UNUSED_FUNCTION = YES;
				GCC_WARN_UNUSED_VARIABLE = YES;
				IPHONEOS_DEPLOYMENT_TARGET = 8.3;
				MTL_ENABLE_DEBUG_INFO = YES;
				ONLY_ACTIVE_ARCH = YES;
				SDKROOT = iphoneos;
			};
			name = Debug;
		};
		FD1D49821B10E65400CC9863 /* Release */ = {
			isa = XCBuildConfiguration;
			buildSettings = {
				ALWAYS_SEARCH_USER_PATHS = NO;
				CLANG_CXX_LANGUAGE_STANDARD = "gnu++0x";
				CLANG_CXX_LIBRARY = "libc++";
				CLANG_ENABLE_MODULES = YES;
				CLANG_ENABLE_OBJC_ARC = YES;
				CLANG_WARN_BOOL_CONVERSION = YES;
				CLANG_WARN_CONSTANT_CONVERSION = YES;
				CLANG_WARN_DIRECT_OBJC_ISA_USAGE = YES_ERROR;
				CLANG_WARN_EMPTY_BODY = YES;
				CLANG_WARN_ENUM_CONVERSION = YES;
				CLANG_WARN_INT_CONVERSION = YES;
				CLANG_WARN_OBJC_ROOT_CLASS = YES_ERROR;
				CLANG_WARN_UNREACHABLE_CODE = YES;
				CLANG_WARN__DUPLICATE_METHOD_MATCH = YES;
				CODE_SIGN_IDENTITY = "";
				"CODE_SIGN_IDENTITY[sdk=iphoneos*]" = "";
				COPY_PHASE_STRIP = NO;
				DEBUG_INFORMATION_FORMAT = "dwarf-with-dsym";
				ENABLE_NS_ASSERTIONS = NO;
				ENABLE_STRICT_OBJC_MSGSEND = YES;
				GCC_C_LANGUAGE_STANDARD = gnu99;
				GCC_NO_COMMON_BLOCKS = YES;
				GCC_WARN_64_TO_32_BIT_CONVERSION = YES;
				GCC_WARN_ABOUT_RETURN_TYPE = YES_ERROR;
				GCC_WARN_UNDECLARED_SELECTOR = YES;
				GCC_WARN_UNINITIALIZED_AUTOS = YES_AGGRESSIVE;
				GCC_WARN_UNUSED_FUNCTION = YES;
				GCC_WARN_UNUSED_VARIABLE = YES;
				IPHONEOS_DEPLOYMENT_TARGET = 8.3;
				MTL_ENABLE_DEBUG_INFO = NO;
				SDKROOT = iphoneos;
				VALIDATE_PRODUCT = YES;
			};
			name = Release;
		};
		FD1D49841B10E65400CC9863 /* Debug */ = {
			isa = XCBuildConfiguration;
			baseConfigurationReference = 009A42F539A3DBBC56560059 /* Pods.debug.xcconfig */;
			buildSettings = {
				ASSETCATALOG_COMPILER_APPICON_NAME = AppIcon;
				CODE_SIGN_IDENTITY = "iPhone Developer: guo yu (GXJ8JDEGYQ)";
				"CODE_SIGN_IDENTITY[sdk=iphoneos*]" = "iPhone Developer: guo yu (GXJ8JDEGYQ)";
				INFOPLIST_FILE = WeatherCast/Info.plist;
				IPHONEOS_DEPLOYMENT_TARGET = 7.0;
				LD_RUNPATH_SEARCH_PATHS = "$(inherited) @executable_path/Frameworks";
				PRODUCT_NAME = "$(TARGET_NAME)";
				TREAT_MISSING_BASELINES_AS_TEST_FAILURES = YES;
			};
			name = Debug;
		};
		FD1D49851B10E65400CC9863 /* Release */ = {
			isa = XCBuildConfiguration;
			baseConfigurationReference = AF633FE5E27B9D7057DD3417 /* Pods.release.xcconfig */;
			buildSettings = {
				ASSETCATALOG_COMPILER_APPICON_NAME = AppIcon;
				CODE_SIGN_IDENTITY = "iPhone Developer: guo yu (GXJ8JDEGYQ)";
				INFOPLIST_FILE = WeatherCast/Info.plist;
				IPHONEOS_DEPLOYMENT_TARGET = 7.0;
				LD_RUNPATH_SEARCH_PATHS = "$(inherited) @executable_path/Frameworks";
				PRODUCT_NAME = "$(TARGET_NAME)";
				TREAT_MISSING_BASELINES_AS_TEST_FAILURES = YES;
			};
			name = Release;
		};
		FD1D49871B10E65400CC9863 /* Debug */ = {
			isa = XCBuildConfiguration;
			buildSettings = {
				CODE_SIGN_IDENTITY = "iPhone Developer";
				"CODE_SIGN_IDENTITY[sdk=iphoneos*]" = "iPhone Developer";
				FRAMEWORK_SEARCH_PATHS = (
					"$(SDKROOT)/Developer/Library/Frameworks",
					"$(inherited)",
				);
				GCC_PREPROCESSOR_DEFINITIONS = (
					"DEBUG=1",
					"$(inherited)",
				);
				INFOPLIST_FILE = WeatherCastTests/Info.plist;
				LD_RUNPATH_SEARCH_PATHS = "$(inherited) @executable_path/Frameworks @loader_path/Frameworks";
				PRODUCT_NAME = "$(TARGET_NAME)";
				PROVISIONING_PROFILE = "";
				TEST_HOST = "$(BUILT_PRODUCTS_DIR)/WeatherCast.app/WeatherCast";
			};
			name = Debug;
		};
		FD1D49881B10E65400CC9863 /* Release */ = {
			isa = XCBuildConfiguration;
			buildSettings = {
				CODE_SIGN_IDENTITY = "iPhone Developer";
				"CODE_SIGN_IDENTITY[sdk=iphoneos*]" = "iPhone Developer";
				FRAMEWORK_SEARCH_PATHS = (
					"$(SDKROOT)/Developer/Library/Frameworks",
					"$(inherited)",
				);
				INFOPLIST_FILE = WeatherCastTests/Info.plist;
				LD_RUNPATH_SEARCH_PATHS = "$(inherited) @executable_path/Frameworks @loader_path/Frameworks";
				PRODUCT_NAME = "$(TARGET_NAME)";
				PROVISIONING_PROFILE = "";
				TEST_HOST = "$(BUILT_PRODUCTS_DIR)/WeatherCast.app/WeatherCast";
			};
			name = Release;
		};
/* End XCBuildConfiguration section */

/* Begin XCConfigurationList section */
		FD1D495B1B10E65400CC9863 /* Build configuration list for PBXProject "WeatherCast" */ = {
			isa = XCConfigurationList;
			buildConfigurations = (
				FD1D49811B10E65400CC9863 /* Debug */,
				FD1D49821B10E65400CC9863 /* Release */,
			);
			defaultConfigurationIsVisible = 0;
			defaultConfigurationName = Release;
		};
		FD1D49831B10E65400CC9863 /* Build configuration list for PBXNativeTarget "WeatherCast" */ = {
			isa = XCConfigurationList;
			buildConfigurations = (
				FD1D49841B10E65400CC9863 /* Debug */,
				FD1D49851B10E65400CC9863 /* Release */,
			);
			defaultConfigurationIsVisible = 0;
			defaultConfigurationName = Release;
		};
		FD1D49861B10E65400CC9863 /* Build configuration list for PBXNativeTarget "WeatherCastTests" */ = {
			isa = XCConfigurationList;
			buildConfigurations = (
				FD1D49871B10E65400CC9863 /* Debug */,
				FD1D49881B10E65400CC9863 /* Release */,
			);
			defaultConfigurationIsVisible = 0;
			defaultConfigurationName = Release;
		};
/* End XCConfigurationList section */
	};
	rootObject = FD1D49581B10E65400CC9863 /* Project object */;
}
